{
  "name": "@ploomes/ploomes-entities-map",
  "version": "1.0.16",
  "lockfileVersion": 1,
  "requires": true,
  "dependencies": {
    "@ploomes/ploomeststypes": {
      "version": "1.0.19",
      "resolved": "https://npm.pkg.github.com/download/@ploomes/ploomeststypes/1.0.19/94e0e8154baf75dbd71b2f081ce472cadcbc8de226b46aeec7e2dc385ed73e99",
      "integrity": "sha512-vrIlo6+DB8UfqFjJjubo+eJPjUYB1fdfUxayHv1xmXJT9UGc8RK+d7Zsg/OHgCtZLV2e30e0tp/CfnBiliCurw=="
    },
    "typescript": {
      "version": "4.2.3",
      "resolved": "https://registry.npmjs.org/typescript/-/typescript-4.2.3.tgz",
      "integrity": "sha512-qOcYwxaByStAWrBf4x0fibwZvMRG+r4cQoTjbPtUlrWjBHbmCAww1i448U0GJ+3cNNEtebDteo/cHOR3xJ4wEw=="
    }
  }
}
