{
  "name": "@ploomes/ploomes-entities-map",
  "version": "1.0.13",
  "lockfileVersion": 1,
  "requires": true,
  "dependencies": {
    "@ploomes/ploomeststypes": {
      "version": "1.0.18",
      "resolved": "https://npm.pkg.github.com/download/@ploomes/ploomeststypes/1.0.18/688058d8b8e5f46c19635312046b390f5c856f1ffd000b1fa7fb009f53270b8e",
      "integrity": "sha512-Y52BrbbNtfWYsBEH2k6PF06mj7Q2/NqVm8lVDcJ+jLaJ8g+Zy+eXw3gp1R0Zuliur9Vk5TBiCxlhuMIQEobh3w=="
    },
    "typescript": {
      "version": "4.2.3",
      "resolved": "https://registry.npmjs.org/typescript/-/typescript-4.2.3.tgz",
      "integrity": "sha512-qOcYwxaByStAWrBf4x0fibwZvMRG+r4cQoTjbPtUlrWjBHbmCAww1i448U0GJ+3cNNEtebDteo/cHOR3xJ4wEw=="
    }
  }
}
