{
  "name": "PloomesEntities",
  "version": "1.0.0",
  "lockfileVersion": 1,
  "requires": true,
  "dependencies": {
    "@ploomes/ploomeststypes": {
      "version": "1.0.13",
      "resolved": "https://npm.pkg.github.com/download/@ploomes/ploomeststypes/1.0.13/9b6221e52a176087946648e915eae3f50d4608f76ab397491d283d916b196078",
      "integrity": "sha512-51HNOXMMNa1MzmDrgk6/NlCal7LEWSVpRunshaeJKSkLpa0IPYsVo0y29g4MjkmQGZgQWas26g2drm4L2ZbKUQ=="
    },
    "typescript": {
      "version": "4.2.3",
      "resolved": "https://registry.npmjs.org/typescript/-/typescript-4.2.3.tgz",
      "integrity": "sha512-qOcYwxaByStAWrBf4x0fibwZvMRG+r4cQoTjbPtUlrWjBHbmCAww1i448U0GJ+3cNNEtebDteo/cHOR3xJ4wEw=="
    }
  }
}
